
Microsoft Visual Studio Solution File, Format Version 12.00
# Visual Studio Version 17
VisualStudioVersion = 17.1.32210.238
MinimumVisualStudioVersion = 10.0.40219.1
Project("{9A19103F-16F7-4668-BE54-9A1E7A4F7556}") = "Blackbaud.Interview.Cards", "Blackbaud.Interview.Cards\Blackbaud.Interview.Cards.csproj", "{0E1C3217-A9FA-4394-A9F0-7281D758E3B5}"
EndProject
Project("{FAE04EC0-301F-11D3-BF4B-00C04F79EFBC}") = "Blackbaud.Interview.Cards.Tests", "Blackbaud.Interview.Cards.Tests\Blackbaud.Interview.Cards.Tests.csproj", "{6EB5B0A4-0936-47AA-80DD-98C672EDD110}"
EndProject
Global
	GlobalSection(SolutionConfigurationPlatforms) = preSolution
		Debug|Any CPU = Debug|Any CPU
		Release|Any CPU = Release|Any CPU
	EndGlobalSection
	GlobalSection(ProjectConfigurationPlatforms) = postSolution
		{0E1C3217-A9FA-4394-A9F0-7281D758E3B5}.Debug|Any CPU.ActiveCfg = Debug|Any CPU
		{0E1C3217-A9FA-4394-A9F0-7281D758E3B5}.Debug|Any CPU.Build.0 = Debug|Any CPU
		{0E1C3217-A9FA-4394-A9F0-7281D758E3B5}.Release|Any CPU.ActiveCfg = Release|Any CPU
		{0E1C3217-A9FA-4394-A9F0-7281D758E3B5}.Release|Any CPU.Build.0 = Release|Any CPU
		{6EB5B0A4-0936-47AA-80DD-98C672EDD110}.Debug|Any CPU.ActiveCfg = Debug|Any CPU
		{6EB5B0A4-0936-47AA-80DD-98C672EDD110}.Debug|Any CPU.Build.0 = Debug|Any CPU
		{6EB5B0A4-0936-47AA-80DD-98C672EDD110}.Release|Any CPU.ActiveCfg = Release|Any CPU
		{6EB5B0A4-0936-47AA-80DD-98C672EDD110}.Release|Any CPU.Build.0 = Release|Any CPU
	EndGlobalSection
	GlobalSection(SolutionProperties) = preSolution
		HideSolutionNode = FALSE
	EndGlobalSection
	GlobalSection(ExtensibilityGlobals) = postSolution
		SolutionGuid = {CF25C050-5B6B-40E3-9027-1B797EE59F78}
	EndGlobalSection
EndGlobal
